
Microsoft Visual Studio Solution File, Format Version 12.00
# Visual Studio Version 17
VisualStudioVersion = 17.6.33815.320
MinimumVisualStudioVersion = 10.0.40219.1
Project("{FAE04EC0-301F-11D3-BF4B-00C04F79EFBC}") = "SlotskyDXCluster", "SlotskyDXCluster.csproj", "{47732CD4-D938-4799-BF01-136A403C6DBE}"
EndProject
Global
	GlobalSection(SolutionConfigurationPlatforms) = preSolution
		Debug|Any CPU = Debug|Any CPU
		Release|Any CPU = Release|Any CPU
	EndGlobalSection
	GlobalSection(ProjectConfigurationPlatforms) = postSolution
		{47732CD4-D938-4799-BF01-136A403C6DBE}.Debug|Any CPU.ActiveCfg = Debug|Any CPU
		{47732CD4-D938-4799-BF01-136A403C6DBE}.Debug|Any CPU.Build.0 = Debug|Any CPU
		{47732CD4-D938-4799-BF01-136A403C6DBE}.Release|Any CPU.ActiveCfg = Release|Any CPU
		{47732CD4-D938-4799-BF01-136A403C6DBE}.Release|Any CPU.Build.0 = Release|Any CPU
	EndGlobalSection
	GlobalSection(SolutionProperties) = preSolution
		HideSolutionNode = FALSE
	EndGlobalSection
	GlobalSection(ExtensibilityGlobals) = postSolution
		SolutionGuid = {66BA7A33-8165-4707-84AC-E3B18402B4BF}
	EndGlobalSection
EndGlobal
